<?xml version="1.0" encoding="utf-8"?>
<Project ToolsVersion="4.0" xmlns="http://schemas.microsoft.com/developer/msbuild/2003">
  <ItemGroup>
    <Filter Include="Source Files">
      <UniqueIdentifier>{4FC737F1-C7A5-4376-A066-2A32D752A2FF}</UniqueIdentifier>
      <Extensions>cpp;c;cc;cxx;c++;cppm;ixx;def;odl;idl;hpj;bat;asm;asmx</Extensions>
    </Filter>
    <Filter Include="Header Files">
      <UniqueIdentifier>{93995380-89BD-4b04-88EB-625FBE52EBFB}</UniqueIdentifier>
      <Extensions>h;hh;hpp;hxx;h++;hm;inl;inc;ipp;xsd</Extensions>
    </Filter>
    <Filter Include="Resource Files">
      <UniqueIdentifier>{67DA6AB6-F800-4c08-8B7A-83BB121AAD01}</UniqueIdentifier>
      <Extensions>rc;ico;cur;bmp;dlg;rc2;rct;bin;rgs;gif;jpg;jpeg;jpe;resx;tiff;tif;png;wav;mfcribbon-ms</Extensions>
    </Filter>
    <Filter Include="Header Files\SceneH">
      <UniqueIdentifier>{f58ad302-3b1b-4d32-81ee-51ec64fd0ee9}</UniqueIdentifier>
    </Filter>
    <Filter Include="Source Files\SceneCPP">
      <UniqueIdentifier>{958b48a6-249e-4b67-a065-f9a9e7828635}</UniqueIdentifier>
    </Filter>
    <Filter Include="Header Files\Resources">
      <UniqueIdentifier>{c5a81ca3-7967-4976-b2a5-d88527d3d3dc}</UniqueIdentifier>
    </Filter>
    <Filter Include="Source Files\Resources">
      <UniqueIdentifier>{8cbddcb5-9a22-4418-80f7-71124a86b032}</UniqueIdentifier>
    </Filter>
  </ItemGroup>
  <ItemGroup>
    <ClCompile Include="main.cpp">
      <Filter>Source Files</Filter>
    </ClCompile>
    <ClCompile Include="Scene.cpp">
      <Filter>Source Files\SceneCPP</Filter>
    </ClCompile>
    <ClCompile Include="SceneManager.cpp">
      <Filter>Source Files\SceneCPP</Filter>
    </ClCompile>
    <ClCompile Include="MainMenuScene.cpp">
      <Filter>Source Files\SceneCPP</Filter>
    </ClCompile>
    <ClCompile Include="Resources.cpp">
      <Filter>Source Files\Resources</Filter>
    </ClCompile>
    <ClCompile Include="Sprite.cpp">
      <Filter>Source Files</Filter>
    </ClCompile>
    <ClCompile Include="GameObject.cpp">
      <Filter>Source Files</Filter>
    </ClCompile>
    <ClCompile Include="TextBox.cpp">
      <Filter>Source Files</Filter>
    </ClCompile>
  </ItemGroup>
  <ItemGroup>
    <ClInclude Include="Scene.h">
      <Filter>Header Files\SceneH</Filter>
    </ClInclude>
    <ClInclude Include="SceneManager.h">
      <Filter>Header Files\SceneH</Filter>
    </ClInclude>
    <ClInclude Include="GameObject.h">
      <Filter>Header Files</Filter>
    </ClInclude>
    <ClInclude Include="MainMenuScene.h">
      <Filter>Header Files\SceneH</Filter>
    </ClInclude>
    <ClInclude Include="Resources.h">
      <Filter>Header Files\Resources</Filter>
    </ClInclude>
    <ClInclude Include="Sprite.h">
      <Filter>Header Files</Filter>
    </ClInclude>
    <ClInclude Include="Transform.h">
      <Filter>Header Files</Filter>
    </ClInclude>
    <ClInclude Include="TextBox.h">
      <Filter>Header Files</Filter>
    </ClInclude>
  </ItemGroup>
</Project>