<?xml version="1.0" encoding="utf-8"?>
<Project ToolsVersion="4.0" xmlns="http://schemas.microsoft.com/developer/msbuild/2003">
  <ItemGroup>
    <Filter Include="Source Files">
      <UniqueIdentifier>{4FC737F1-C7A5-4376-A066-2A32D752A2FF}</UniqueIdentifier>
      <Extensions>cpp;c;cc;cxx;c++;cppm;ixx;def;odl;idl;hpj;bat;asm;asmx</Extensions>
    </Filter>
    <Filter Include="Header Files">
      <UniqueIdentifier>{93995380-89BD-4b04-88EB-625FBE52EBFB}</UniqueIdentifier>
      <Extensions>h;hh;hpp;hxx;h++;hm;inl;inc;ipp;xsd</Extensions>
    </Filter>
    <Filter Include="Resource Files">
      <UniqueIdentifier>{67DA6AB6-F800-4c08-8B7A-83BB121AAD01}</UniqueIdentifier>
      <Extensions>rc;ico;cur;bmp;dlg;rc2;rct;bin;rgs;gif;jpg;jpeg;jpe;resx;tiff;tif;png;wav;mfcribbon-ms</Extensions>
    </Filter>
    <Filter Include="Header Files\SceneH">
      <UniqueIdentifier>{f58ad302-3b1b-4d32-81ee-51ec64fd0ee9}</UniqueIdentifier>
    </Filter>
    <Filter Include="Source Files\SceneCPP">
      <UniqueIdentifier>{958b48a6-249e-4b67-a065-f9a9e7828635}</UniqueIdentifier>
    </Filter>
    <Filter Include="Header Files\Resources">
      <UniqueIdentifier>{c5a81ca3-7967-4976-b2a5-d88527d3d3dc}</UniqueIdentifier>
    </Filter>
    <Filter Include="Source Files\Resources">
      <UniqueIdentifier>{8cbddcb5-9a22-4418-80f7-71124a86b032}</UniqueIdentifier>
    </Filter>
    <Filter Include="Header Files\UIElements">
      <UniqueIdentifier>{8afda561-8708-4911-9b8f-e0c0b949a23a}</UniqueIdentifier>
    </Filter>
    <Filter Include="Header Files\Interfaces">
      <UniqueIdentifier>{adf99be8-5bea-42f9-9f80-33289e78adcf}</UniqueIdentifier>
    </Filter>
    <Filter Include="Header Files\UI">
      <UniqueIdentifier>{51e3ba28-a838-4239-9e08-8fb10481f6e7}</UniqueIdentifier>
    </Filter>
    <Filter Include="Source Files\UI">
      <UniqueIdentifier>{bd75a7c9-14a6-4287-bdb0-f161c6c99316}</UniqueIdentifier>
    </Filter>
    <Filter Include="Header Files\UI\CharacterUI">
      <UniqueIdentifier>{1132b938-c542-4bf2-88bd-7dba22df8093}</UniqueIdentifier>
    </Filter>
    <Filter Include="Header Files\Structs">
      <UniqueIdentifier>{afa74f4b-db83-40ac-816e-ad99cbda34d7}</UniqueIdentifier>
    </Filter>
  </ItemGroup>
  <ItemGroup>
    <ClCompile Include="main.cpp">
      <Filter>Source Files</Filter>
    </ClCompile>
    <ClCompile Include="Scene.cpp">
      <Filter>Source Files\SceneCPP</Filter>
    </ClCompile>
    <ClCompile Include="SceneManager.cpp">
      <Filter>Source Files\SceneCPP</Filter>
    </ClCompile>
    <ClCompile Include="MainMenuScene.cpp">
      <Filter>Source Files\SceneCPP</Filter>
    </ClCompile>
    <ClCompile Include="Resources.cpp">
      <Filter>Source Files\Resources</Filter>
    </ClCompile>
    <ClCompile Include="Sprite.cpp">
      <Filter>Source Files</Filter>
    </ClCompile>
    <ClCompile Include="GameObject.cpp">
      <Filter>Source Files</Filter>
    </ClCompile>
    <ClCompile Include="TextBox.cpp">
      <Filter>Source Files</Filter>
    </ClCompile>
    <ClCompile Include="InputManager.cpp">
      <Filter>Source Files</Filter>
    </ClCompile>
    <ClCompile Include="Button.cpp">
      <Filter>Source Files</Filter>
    </ClCompile>
    <ClCompile Include="CharacterBuilder.cpp">
      <Filter>Source Files</Filter>
    </ClCompile>
    <ClCompile Include="Character.cpp">
      <Filter>Source Files</Filter>
    </ClCompile>
    <ClCompile Include="CharacterSelectScene.cpp">
      <Filter>Source Files\SceneCPP</Filter>
    </ClCompile>
    <ClCompile Include="GamePlayScene.cpp">
      <Filter>Source Files\SceneCPP</Filter>
    </ClCompile>
    <ClCompile Include="TextLabel.cpp">
      <Filter>Source Files\UI</Filter>
    </ClCompile>
    <ClCompile Include="AttributeLabel.cpp">
      <Filter>Source Files\UI</Filter>
    </ClCompile>
    <ClCompile Include="IntLabel.cpp">
      <Filter>Source Files</Filter>
    </ClCompile>
    <ClCompile Include="StringLabel.cpp">
      <Filter>Source Files</Filter>
    </ClCompile>
    <ClCompile Include="SpriteBinded.cpp">
      <Filter>Source Files</Filter>
    </ClCompile>
    <ClCompile Include="GameController.cpp">
      <Filter>Source Files</Filter>
    </ClCompile>
    <ClCompile Include="CombatLogUI.cpp">
      <Filter>Source Files\UI</Filter>
    </ClCompile>
    <ClCompile Include="ProgressBar.cpp">
      <Filter>Source Files</Filter>
    </ClCompile>
    <ClCompile Include="CharacterUI.cpp">
      <Filter>Source Files</Filter>
    </ClCompile>
    <ClCompile Include="PlayerUI.cpp">
      <Filter>Source Files</Filter>
    </ClCompile>
    <ClCompile Include="EnemyUI.cpp">
      <Filter>Source Files</Filter>
    </ClCompile>
    <ClCompile Include="DataProcessor.cpp">
      <Filter>Source Files</Filter>
    </ClCompile>
    <ClCompile Include="HighScore.cpp">
      <Filter>Source Files</Filter>
    </ClCompile>
    <ClCompile Include="GameStateProgress.cpp">
      <Filter>Source Files</Filter>
    </ClCompile>
  </ItemGroup>
  <ItemGroup>
    <ClInclude Include="Scene.h">
      <Filter>Header Files\SceneH</Filter>
    </ClInclude>
    <ClInclude Include="SceneManager.h">
      <Filter>Header Files\SceneH</Filter>
    </ClInclude>
    <ClInclude Include="GameObject.h">
      <Filter>Header Files</Filter>
    </ClInclude>
    <ClInclude Include="MainMenuScene.h">
      <Filter>Header Files\SceneH</Filter>
    </ClInclude>
    <ClInclude Include="Resources.h">
      <Filter>Header Files\Resources</Filter>
    </ClInclude>
    <ClInclude Include="Sprite.h">
      <Filter>Header Files</Filter>
    </ClInclude>
    <ClInclude Include="Transform.h">
      <Filter>Header Files</Filter>
    </ClInclude>
    <ClInclude Include="TextBox.h">
      <Filter>Header Files</Filter>
    </ClInclude>
    <ClInclude Include="Button.h">
      <Filter>Header Files\UIElements</Filter>
    </ClInclude>
    <ClInclude Include="InputManager.h">
      <Filter>Header Files</Filter>
    </ClInclude>
    <ClInclude Include="GamePlayScene.h">
      <Filter>Header Files\SceneH</Filter>
    </ClInclude>
    <ClInclude Include="InteractableObject.h">
      <Filter>Header Files\Interfaces</Filter>
    </ClInclude>
    <ClInclude Include="IRenewable.h">
      <Filter>Header Files\Interfaces</Filter>
    </ClInclude>
    <ClInclude Include="CharacterSelectScene.h">
      <Filter>Header Files\SceneH</Filter>
    </ClInclude>
    <ClInclude Include="CharacterBuilder.h">
      <Filter>Header Files</Filter>
    </ClInclude>
    <ClInclude Include="Character.h">
      <Filter>Header Files</Filter>
    </ClInclude>
    <ClInclude Include="AttributeLabel.h">
      <Filter>Header Files\UI</Filter>
    </ClInclude>
    <ClInclude Include="TextLabel.h">
      <Filter>Header Files\UI</Filter>
    </ClInclude>
    <ClInclude Include="IntLabel.h">
      <Filter>Header Files\UI</Filter>
    </ClInclude>
    <ClInclude Include="StringLabel.h">
      <Filter>Header Files\UI</Filter>
    </ClInclude>
    <ClInclude Include="SpriteBinded.h">
      <Filter>Header Files\UI</Filter>
    </ClInclude>
    <ClInclude Include="CharacterActions.h">
      <Filter>Header Files\Interfaces</Filter>
    </ClInclude>
    <ClInclude Include="GameController.h">
      <Filter>Header Files</Filter>
    </ClInclude>
    <ClInclude Include="CombatLogUI.h">
      <Filter>Header Files\UIElements</Filter>
    </ClInclude>
    <ClInclude Include="ProgressBar.h">
      <Filter>Header Files\UIElements</Filter>
    </ClInclude>
    <ClInclude Include="CharacterUI.h">
      <Filter>Header Files\UI\CharacterUI</Filter>
    </ClInclude>
    <ClInclude Include="CharacterStats.h">
      <Filter>Header Files\Structs</Filter>
    </ClInclude>
    <ClInclude Include="PlayerUI.h">
      <Filter>Header Files\UI\CharacterUI</Filter>
    </ClInclude>
    <ClInclude Include="EnemyUI.h">
      <Filter>Header Files\UI\CharacterUI</Filter>
    </ClInclude>
    <ClInclude Include="DataProcessor.h">
      <Filter>Header Files\Resources</Filter>
    </ClInclude>
    <ClInclude Include="HighScore.h">
      <Filter>Header Files\UI</Filter>
    </ClInclude>
    <ClInclude Include="GameStateProgress.h">
      <Filter>Header Files\Resources</Filter>
    </ClInclude>
    <ClInclude Include="Singleton.h">
      <Filter>Header Files\Interfaces</Filter>
    </ClInclude>
  </ItemGroup>
</Project>